
Microsoft Visual Studio Solution File, Format Version 12.00
# Visual Studio Version 17
VisualStudioVersion = 17.9.34728.123
MinimumVisualStudioVersion = 10.0.40219.1
Project("{FAE04EC0-301F-11D3-BF4B-00C04F79EFBC}") = "HealthMinistryWS", "HealthMinistry\HealthMinistryWS.csproj", "{461B6C83-01D4-4B03-B9FA-7EEB02281094}"
EndProject
Project("{FAE04EC0-301F-11D3-BF4B-00C04F79EFBC}") = "DAL", "..\General\DAL\DAL.csproj", "{FB002602-1B33-465B-9414-AD1A8FE98325}"
EndProject
Global
	GlobalSection(SolutionConfigurationPlatforms) = preSolution
		Debug|Any CPU = Debug|Any CPU
		Release|Any CPU = Release|Any CPU
	EndGlobalSection
	GlobalSection(ProjectConfigurationPlatforms) = postSolution
		{461B6C83-01D4-4B03-B9FA-7EEB02281094}.Debug|Any CPU.ActiveCfg = Debug|Any CPU
		{461B6C83-01D4-4B03-B9FA-7EEB02281094}.Debug|Any CPU.Build.0 = Debug|Any CPU
		{461B6C83-01D4-4B03-B9FA-7EEB02281094}.Release|Any CPU.ActiveCfg = Release|Any CPU
		{461B6C83-01D4-4B03-B9FA-7EEB02281094}.Release|Any CPU.Build.0 = Release|Any CPU
		{FB002602-1B33-465B-9414-AD1A8FE98325}.Debug|Any CPU.ActiveCfg = Debug|Any CPU
		{FB002602-1B33-465B-9414-AD1A8FE98325}.Debug|Any CPU.Build.0 = Debug|Any CPU
		{FB002602-1B33-465B-9414-AD1A8FE98325}.Release|Any CPU.ActiveCfg = Release|Any CPU
		{FB002602-1B33-465B-9414-AD1A8FE98325}.Release|Any CPU.Build.0 = Release|Any CPU
	EndGlobalSection
	GlobalSection(SolutionProperties) = preSolution
		HideSolutionNode = FALSE
	EndGlobalSection
EndGlobal
